
Microsoft Visual Studio Solution File, Format Version 12.00
# Visual Studio Version 16
VisualStudioVersion = 16.0.30717.126
MinimumVisualStudioVersion = 10.0.40219.1
Project("{FAE04EC0-301F-11D3-BF4B-00C04F79EFBC}") = "AspNetCoreLoggingDemo", "AspNetCoreLoggingDemo.csproj", "{4E0B7C77-9A61-44A8-A75E-E15BFDDB8563}"
EndProject
Global
	GlobalSection(SolutionConfigurationPlatforms) = preSolution
		Debug|Any CPU = Debug|Any CPU
		Release|Any CPU = Release|Any CPU
	EndGlobalSection
	GlobalSection(ProjectConfigurationPlatforms) = postSolution
		{4E0B7C77-9A61-44A8-A75E-E15BFDDB8563}.Debug|Any CPU.ActiveCfg = Debug|Any CPU
		{4E0B7C77-9A61-44A8-A75E-E15BFDDB8563}.Debug|Any CPU.Build.0 = Debug|Any CPU
		{4E0B7C77-9A61-44A8-A75E-E15BFDDB8563}.Release|Any CPU.ActiveCfg = Release|Any CPU
		{4E0B7C77-9A61-44A8-A75E-E15BFDDB8563}.Release|Any CPU.Build.0 = Release|Any CPU
	EndGlobalSection
	GlobalSection(SolutionProperties) = preSolution
		HideSolutionNode = FALSE
	EndGlobalSection
	GlobalSection(ExtensibilityGlobals) = postSolution
		SolutionGuid = {81C0285C-708C-48F0-8332-045FEFDFB369}
	EndGlobalSection
EndGlobal
